
Microsoft Visual Studio Solution File, Format Version 12.00
# Visual Studio Version 17
VisualStudioVersion = 17.3.32922.545
MinimumVisualStudioVersion = 10.0.40219.1
Project("{FAE04EC0-301F-11D3-BF4B-00C04F79EFBC}") = "UniversityApplication", "UniversityApplication\UniversityApplication.csproj", "{F3E2BCB5-568F-4214-9243-A102A2C290EB}"
EndProject
Project("{FAE04EC0-301F-11D3-BF4B-00C04F79EFBC}") = "DataAccessLayer", "DataAccessLayer\DataAccessLayer.csproj", "{370958DE-32F5-46B8-BDE1-6B2F5C462794}"
EndProject
Project("{FAE04EC0-301F-11D3-BF4B-00C04F79EFBC}") = "BusinessLayer", "Business Layer\BusinessLayer.csproj", "{A80BD223-4C92-45B5-B6F1-F12A125113DC}"
EndProject
Global
	GlobalSection(SolutionConfigurationPlatforms) = preSolution
		Debug|Any CPU = Debug|Any CPU
		Release|Any CPU = Release|Any CPU
	EndGlobalSection
	GlobalSection(ProjectConfigurationPlatforms) = postSolution
		{F3E2BCB5-568F-4214-9243-A102A2C290EB}.Debug|Any CPU.ActiveCfg = Debug|Any CPU
		{F3E2BCB5-568F-4214-9243-A102A2C290EB}.Debug|Any CPU.Build.0 = Debug|Any CPU
		{F3E2BCB5-568F-4214-9243-A102A2C290EB}.Release|Any CPU.ActiveCfg = Release|Any CPU
		{F3E2BCB5-568F-4214-9243-A102A2C290EB}.Release|Any CPU.Build.0 = Release|Any CPU
		{370958DE-32F5-46B8-BDE1-6B2F5C462794}.Debug|Any CPU.ActiveCfg = Debug|Any CPU
		{370958DE-32F5-46B8-BDE1-6B2F5C462794}.Debug|Any CPU.Build.0 = Debug|Any CPU
		{370958DE-32F5-46B8-BDE1-6B2F5C462794}.Release|Any CPU.ActiveCfg = Release|Any CPU
		{370958DE-32F5-46B8-BDE1-6B2F5C462794}.Release|Any CPU.Build.0 = Release|Any CPU
		{A80BD223-4C92-45B5-B6F1-F12A125113DC}.Debug|Any CPU.ActiveCfg = Debug|Any CPU
		{A80BD223-4C92-45B5-B6F1-F12A125113DC}.Debug|Any CPU.Build.0 = Debug|Any CPU
		{A80BD223-4C92-45B5-B6F1-F12A125113DC}.Release|Any CPU.ActiveCfg = Release|Any CPU
		{A80BD223-4C92-45B5-B6F1-F12A125113DC}.Release|Any CPU.Build.0 = Release|Any CPU
	EndGlobalSection
	GlobalSection(SolutionProperties) = preSolution
		HideSolutionNode = FALSE
	EndGlobalSection
	GlobalSection(ExtensibilityGlobals) = postSolution
		SolutionGuid = {7CD44E28-4D74-44C6-872E-8C738A4CBCC4}
	EndGlobalSection
EndGlobal
